
Microsoft Visual Studio Solution File, Format Version 12.00
# Visual Studio Version 16
VisualStudioVersion = 16.0.29806.167
MinimumVisualStudioVersion = 10.0.40219.1
Project("{FAE04EC0-301F-11D3-BF4B-00C04F79EFBC}") = "Calculator", "Calculator.csproj", "{D36D869A-D23B-470D-8AF7-6AB28B71A8BA}"
EndProject
Global
	GlobalSection(SolutionConfigurationPlatforms) = preSolution
		Debug|Any CPU = Debug|Any CPU
		Release|Any CPU = Release|Any CPU
	EndGlobalSection
	GlobalSection(ProjectConfigurationPlatforms) = postSolution
		{D36D869A-D23B-470D-8AF7-6AB28B71A8BA}.Debug|Any CPU.ActiveCfg = Debug|Any CPU
		{D36D869A-D23B-470D-8AF7-6AB28B71A8BA}.Debug|Any CPU.Build.0 = Debug|Any CPU
		{D36D869A-D23B-470D-8AF7-6AB28B71A8BA}.Release|Any CPU.ActiveCfg = Release|Any CPU
		{D36D869A-D23B-470D-8AF7-6AB28B71A8BA}.Release|Any CPU.Build.0 = Release|Any CPU
	EndGlobalSection
	GlobalSection(SolutionProperties) = preSolution
		HideSolutionNode = FALSE
	EndGlobalSection
	GlobalSection(ExtensibilityGlobals) = postSolution
		SolutionGuid = {107A8F59-404C-4C9E-9151-139AA607A9D5}
	EndGlobalSection
EndGlobal
